
Microsoft Visual Studio Solution File, Format Version 12.00
# Visual Studio Version 16
VisualStudioVersion = 16.0.36631.11
MinimumVisualStudioVersion = 10.0.40219.1
Project("{FAE04EC0-301F-11D3-BF4B-00C04F79EFBC}") = "wateen12148MCVWebApp", "wateen12148MCVWebApp.csproj", "{8E599FE0-3AA8-498A-9BC4-99BA68EA336D}"
EndProject
Global
	GlobalSection(SolutionConfigurationPlatforms) = preSolution
		Debug|Any CPU = Debug|Any CPU
		Release|Any CPU = Release|Any CPU
	EndGlobalSection
	GlobalSection(ProjectConfigurationPlatforms) = postSolution
		{8E599FE0-3AA8-498A-9BC4-99BA68EA336D}.Debug|Any CPU.ActiveCfg = Debug|Any CPU
		{8E599FE0-3AA8-498A-9BC4-99BA68EA336D}.Debug|Any CPU.Build.0 = Debug|Any CPU
		{8E599FE0-3AA8-498A-9BC4-99BA68EA336D}.Release|Any CPU.ActiveCfg = Release|Any CPU
		{8E599FE0-3AA8-498A-9BC4-99BA68EA336D}.Release|Any CPU.Build.0 = Release|Any CPU
	EndGlobalSection
	GlobalSection(SolutionProperties) = preSolution
		HideSolutionNode = FALSE
	EndGlobalSection
	GlobalSection(ExtensibilityGlobals) = postSolution
		SolutionGuid = {4355950E-41F1-4094-9D21-63FE0152F1DF}
	EndGlobalSection
EndGlobal
